
Microsoft Visual Studio Solution File, Format Version 12.00
# Visual Studio 15
VisualStudioVersion = 15.0.27428.2027
MinimumVisualStudioVersion = 10.0.40219.1
Project("{00D1A9C2-B5F0-4AF3-8072-F6C62B433612}") = "dueltank", "dueltank\dueltank.sqlproj", "{D0967D06-54D7-48C8-AA57-88B0C7E233FE}"
EndProject
Global
	GlobalSection(SolutionConfigurationPlatforms) = preSolution
		Debug|Any CPU = Debug|Any CPU
		Release|Any CPU = Release|Any CPU
	EndGlobalSection
	GlobalSection(ProjectConfigurationPlatforms) = postSolution
		{D0967D06-54D7-48C8-AA57-88B0C7E233FE}.Debug|Any CPU.ActiveCfg = Debug|Any CPU
		{D0967D06-54D7-48C8-AA57-88B0C7E233FE}.Debug|Any CPU.Build.0 = Debug|Any CPU
		{D0967D06-54D7-48C8-AA57-88B0C7E233FE}.Debug|Any CPU.Deploy.0 = Debug|Any CPU
		{D0967D06-54D7-48C8-AA57-88B0C7E233FE}.Release|Any CPU.ActiveCfg = Release|Any CPU
		{D0967D06-54D7-48C8-AA57-88B0C7E233FE}.Release|Any CPU.Build.0 = Release|Any CPU
		{D0967D06-54D7-48C8-AA57-88B0C7E233FE}.Release|Any CPU.Deploy.0 = Release|Any CPU
	EndGlobalSection
	GlobalSection(SolutionProperties) = preSolution
		HideSolutionNode = FALSE
	EndGlobalSection
	GlobalSection(ExtensibilityGlobals) = postSolution
		SolutionGuid = {1DB4F3A2-D0C9-4EE8-ADD0-A49C390B05F1}
	EndGlobalSection
EndGlobal
