
Microsoft Visual Studio Solution File, Format Version 12.00
# Visual Studio 15
VisualStudioVersion = 15.0.27428.2027
MinimumVisualStudioVersion = 10.0.40219.1
Project("{FAE04EC0-301F-11D3-BF4B-00C04F79EFBC}") = "dueltank.api", "dueltank.api\dueltank.api.csproj", "{092A9532-99D6-46CF-BA6E-7FD01A1054B7}"
EndProject
Global
	GlobalSection(SolutionConfigurationPlatforms) = preSolution
		Debug|Any CPU = Debug|Any CPU
		Release|Any CPU = Release|Any CPU
	EndGlobalSection
	GlobalSection(ProjectConfigurationPlatforms) = postSolution
		{092A9532-99D6-46CF-BA6E-7FD01A1054B7}.Debug|Any CPU.ActiveCfg = Debug|Any CPU
		{092A9532-99D6-46CF-BA6E-7FD01A1054B7}.Debug|Any CPU.Build.0 = Debug|Any CPU
		{092A9532-99D6-46CF-BA6E-7FD01A1054B7}.Release|Any CPU.ActiveCfg = Release|Any CPU
		{092A9532-99D6-46CF-BA6E-7FD01A1054B7}.Release|Any CPU.Build.0 = Release|Any CPU
	EndGlobalSection
	GlobalSection(SolutionProperties) = preSolution
		HideSolutionNode = FALSE
	EndGlobalSection
	GlobalSection(ExtensibilityGlobals) = postSolution
		SolutionGuid = {83986D61-1ACB-470F-A0F1-22F63C2074D6}
	EndGlobalSection
EndGlobal
